{
  "object": {
    "pins": [
      {
        "package": "Lottie",
        "repositoryURL": "https://github.com/airbnb/lottie-ios",
        "state": {
          "branch": null,
          "revision": "4e51b71c6ef1b645c9a83de112d627c919143137",
          "version": "4.1.3"
        }
      },
      {
        "package": "Sentry",
        "repositoryURL": "https://github.com/getsentry/sentry-cocoa.git",
        "state": {
          "branch": null,
          "revision": "5238cc5f12c2b75027730a54ecf632cf103daf21",
          "version": "7.31.4"
        }
      }
    ]
  },
  "version": 1
}
